
Microsoft Visual Studio Solution File, Format Version 12.00
# Visual Studio Version 16
VisualStudioVersion = 16.0.31205.134
MinimumVisualStudioVersion = 10.0.40219.1
Project("{FAE04EC0-301F-11D3-BF4B-00C04F79EFBC}") = "MetodosConstrutores", "MetodosConstrutores\MetodosConstrutores.csproj", "{9FD2D1B2-D7F6-4FE2-A8DF-C2BCCAB6BD3D}"
EndProject
Global
	GlobalSection(SolutionConfigurationPlatforms) = preSolution
		Debug|Any CPU = Debug|Any CPU
		Release|Any CPU = Release|Any CPU
	EndGlobalSection
	GlobalSection(ProjectConfigurationPlatforms) = postSolution
		{9FD2D1B2-D7F6-4FE2-A8DF-C2BCCAB6BD3D}.Debug|Any CPU.ActiveCfg = Debug|Any CPU
		{9FD2D1B2-D7F6-4FE2-A8DF-C2BCCAB6BD3D}.Debug|Any CPU.Build.0 = Debug|Any CPU
		{9FD2D1B2-D7F6-4FE2-A8DF-C2BCCAB6BD3D}.Release|Any CPU.ActiveCfg = Release|Any CPU
		{9FD2D1B2-D7F6-4FE2-A8DF-C2BCCAB6BD3D}.Release|Any CPU.Build.0 = Release|Any CPU
	EndGlobalSection
	GlobalSection(SolutionProperties) = preSolution
		HideSolutionNode = FALSE
	EndGlobalSection
	GlobalSection(ExtensibilityGlobals) = postSolution
		SolutionGuid = {EEB50A1B-26A8-4E43-8CE5-0EC0C9DF69CF}
	EndGlobalSection
EndGlobal
